
Microsoft Visual Studio Solution File, Format Version 12.00
# Visual Studio Version 16
VisualStudioVersion = 16.0.31025.194
MinimumVisualStudioVersion = 10.0.40219.1
Project("{FAE04EC0-301F-11D3-BF4B-00C04F79EFBC}") = "DCU_ Final", "DCU_ Final.csproj", "{5AA37CBF-3690-4409-BD18-CA178D2BBE4F}"
EndProject
Global
	GlobalSection(SolutionConfigurationPlatforms) = preSolution
		Debug|Any CPU = Debug|Any CPU
		Release|Any CPU = Release|Any CPU
	EndGlobalSection
	GlobalSection(ProjectConfigurationPlatforms) = postSolution
		{5AA37CBF-3690-4409-BD18-CA178D2BBE4F}.Debug|Any CPU.ActiveCfg = Debug|Any CPU
		{5AA37CBF-3690-4409-BD18-CA178D2BBE4F}.Debug|Any CPU.Build.0 = Debug|Any CPU
		{5AA37CBF-3690-4409-BD18-CA178D2BBE4F}.Release|Any CPU.ActiveCfg = Release|Any CPU
		{5AA37CBF-3690-4409-BD18-CA178D2BBE4F}.Release|Any CPU.Build.0 = Release|Any CPU
	EndGlobalSection
	GlobalSection(SolutionProperties) = preSolution
		HideSolutionNode = FALSE
	EndGlobalSection
	GlobalSection(ExtensibilityGlobals) = postSolution
		SolutionGuid = {79881FC7-0772-4596-BC64-CDEEC7CA2FB5}
	EndGlobalSection
EndGlobal
